<?xml version="1.0" encoding="UTF-8"?>
<CONFIG>
  <ProjectOptions>
    <Version Value="11"/>
    <PathDelim Value="\"/>
    <General>
      <SessionStorage Value="InProjectDir"/>
      <MainUnit Value="0"/>
      <Title Value="Gerador de Atalhos"/>
      <Scaled Value="True"/>
      <ResourceType Value="res"/>
      <UseXPManifest Value="True"/>
      <XPManifest>
        <DpiAware Value="True"/>
        <TextName Value="DouglasRAlmeida.Prisma.GeradorAtalhos"/>
        <TextDesc Value="Gerador de Atalhos do Prisma"/>
      </XPManifest>
    </General>
    <VersionInfo>
      <UseVersionInfo Value="True"/>
      <MajorVersionNr Value="1"/>
      <RevisionNr Value="300"/>
      <BuildNr Value="1"/>
      <Language Value="0416"/>
      <Attributes pvaPreRelease="True"/>
      <StringTable CompanyName="Douglas R. Almeida" FileDescription="Gerador de Atalhos do Prisma" InternalName="GERATALHOS" LegalCopyright="Programa sem direitos autorais. Uso livre." OriginalFilename="geratalhos.exe" ProductName="Cliente Prisma" ProductVersion="1.0"/>
    </VersionInfo>
    <BuildModes Count="3">
      <Item1 Name="Debug" Default="True"/>
      <Item2 Name="Release64">
        <CompilerOptions>
          <Version Value="11"/>
          <PathDelim Value="\"/>
          <Target>
            <Filename Value="geratalhos64"/>
          </Target>
          <SearchPaths>
            <IncludeFiles Value="$(ProjOutDir)"/>
            <UnitOutputDirectory Value="lib\$(TargetCPU)-$(TargetOS)"/>
          </SearchPaths>
          <CodeGeneration>
            <TargetProcessor Value="ATHLON64"/>
            <TargetCPU Value="x86_64"/>
            <Optimizations>
              <OptimizationLevel Value="3"/>
            </Optimizations>
          </CodeGeneration>
          <Linking>
            <Debugging>
              <GenerateDebugInfo Value="False"/>
              <DebugInfoType Value="dsDwarf2"/>
              <StripSymbols Value="True"/>
            </Debugging>
            <Options>
              <Win32>
                <GraphicApplication Value="True"/>
              </Win32>
            </Options>
          </Linking>
        </CompilerOptions>
      </Item2>
      <Item3 Name="Release32">
        <CompilerOptions>
          <Version Value="11"/>
          <PathDelim Value="\"/>
          <Target>
            <Filename Value="geratalhos32"/>
          </Target>
          <SearchPaths>
            <IncludeFiles Value="$(ProjOutDir)"/>
            <UnitOutputDirectory Value="lib\$(TargetCPU)-$(TargetOS)"/>
          </SearchPaths>
          <CodeGeneration>
            <TargetCPU Value="i386"/>
            <Optimizations>
              <OptimizationLevel Value="3"/>
            </Optimizations>
          </CodeGeneration>
          <Linking>
            <Debugging>
              <GenerateDebugInfo Value="False"/>
              <DebugInfoType Value="dsDwarf2"/>
              <StripSymbols Value="True"/>
            </Debugging>
            <Options>
              <Win32>
                <GraphicApplication Value="True"/>
              </Win32>
            </Options>
          </Linking>
        </CompilerOptions>
      </Item3>
    </BuildModes>
    <PublishOptions>
      <Version Value="2"/>
      <UseFileFilters Value="True"/>
    </PublishOptions>
    <RunParams>
      <FormatVersion Value="2"/>
      <Modes Count="0"/>
    </RunParams>
    <RequiredPackages Count="2">
      <Item1>
        <PackageName Value="LazControls"/>
      </Item1>
      <Item2>
        <PackageName Value="LCL"/>
      </Item2>
    </RequiredPackages>
    <Units Count="12">
      <Unit0>
        <Filename Value="geratalhos.lpr"/>
        <IsPartOfProject Value="True"/>
      </Unit0>
      <Unit1>
        <Filename Value="formprincipal.pas"/>
        <IsPartOfProject Value="True"/>
        <ComponentName Value="JanelaPrincipal"/>
        <HasResources Value="True"/>
        <ResourceBaseClass Value="Form"/>
        <UnitName Value="formPrincipal"/>
      </Unit1>
      <Unit2>
        <Filename Value="unidol.pas"/>
        <IsPartOfProject Value="True"/>
        <UnitName Value="unidOL"/>
      </Unit2>
      <Unit3>
        <Filename Value="unidutils.pas"/>
        <IsPartOfProject Value="True"/>
        <UnitName Value="unidUtils"/>
      </Unit3>
      <Unit4>
        <Filename Value="unidtemas.pas"/>
        <IsPartOfProject Value="True"/>
        <UnitName Value="unidTemas"/>
      </Unit4>
      <Unit5>
        <Filename Value="unidzip.pas"/>
        <IsPartOfProject Value="True"/>
        <UnitName Value="unidZip"/>
      </Unit5>
      <Unit6>
        <Filename Value="unidprisma.pas"/>
        <IsPartOfProject Value="True"/>
        <UnitName Value="unidPrisma"/>
      </Unit6>
      <Unit7>
        <Filename Value="unidconfig.pas"/>
        <IsPartOfProject Value="True"/>
        <UnitName Value="unidConfig"/>
      </Unit7>
      <Unit8>
        <Filename Value="unidvariaveis.pas"/>
        <IsPartOfProject Value="True"/>
        <UnitName Value="unidVariaveis"/>
      </Unit8>
      <Unit9>
        <Filename Value="unidexcecoes.pas"/>
        <IsPartOfProject Value="True"/>
        <UnitName Value="unidExcecoes"/>
      </Unit9>
      <Unit10>
        <Filename Value="unidexcecoeslista.pas"/>
        <IsPartOfProject Value="True"/>
        <UnitName Value="unidExcecoesLista"/>
      </Unit10>
      <Unit11>
        <Filename Value="unidinstalatema.pas"/>
        <IsPartOfProject Value="True"/>
        <UnitName Value="unidInstalaTema"/>
      </Unit11>
    </Units>
  </ProjectOptions>
  <CompilerOptions>
    <Version Value="11"/>
    <PathDelim Value="\"/>
    <Target>
      <Filename Value="geratalhosDbg"/>
    </Target>
    <SearchPaths>
      <IncludeFiles Value="$(ProjOutDir)"/>
      <UnitOutputDirectory Value="lib\$(TargetCPU)-$(TargetOS)"/>
    </SearchPaths>
    <CodeGeneration>
      <TargetProcessor Value="ATHLON64"/>
      <TargetCPU Value="x86_64"/>
      <Optimizations>
        <OptimizationLevel Value="0"/>
      </Optimizations>
    </CodeGeneration>
    <Linking>
      <Debugging>
        <DebugInfoType Value="dsDwarf2"/>
      </Debugging>
      <Options>
        <Win32>
          <GraphicApplication Value="True"/>
        </Win32>
      </Options>
    </Linking>
  </CompilerOptions>
  <Debugging>
    <Exceptions Count="3">
      <Item1>
        <Name Value="EAbort"/>
      </Item1>
      <Item2>
        <Name Value="ECodetoolError"/>
      </Item2>
      <Item3>
        <Name Value="EFOpenError"/>
      </Item3>
    </Exceptions>
  </Debugging>
</CONFIG>
